
Microsoft Visual Studio Solution File, Format Version 12.00
# Visual Studio 15
VisualStudioVersion = 15.0.26124.0
MinimumVisualStudioVersion = 15.0.26124.0
Project("{FAE04EC0-301F-11D3-BF4B-00C04F79EFBC}") = "sympliapi.Tests", "sympliapi.Tests\sympliapi.Tests.csproj", "{44528A1A-E8B6-427A-A64F-6F81D567B520}"
EndProject
Project("{FAE04EC0-301F-11D3-BF4B-00C04F79EFBC}") = "sympliapi", "sympliapi\sympliapi.csproj", "{5C153F16-57D4-42EE-9F7D-585329324C12}"
EndProject
Global
	GlobalSection(SolutionConfigurationPlatforms) = preSolution
		Debug|Any CPU = Debug|Any CPU
		Debug|x64 = Debug|x64
		Debug|x86 = Debug|x86
		Release|Any CPU = Release|Any CPU
		Release|x64 = Release|x64
		Release|x86 = Release|x86
	EndGlobalSection
	GlobalSection(SolutionProperties) = preSolution
		HideSolutionNode = FALSE
	EndGlobalSection
	GlobalSection(ProjectConfigurationPlatforms) = postSolution
		{44528A1A-E8B6-427A-A64F-6F81D567B520}.Debug|Any CPU.ActiveCfg = Debug|Any CPU
		{44528A1A-E8B6-427A-A64F-6F81D567B520}.Debug|Any CPU.Build.0 = Debug|Any CPU
		{44528A1A-E8B6-427A-A64F-6F81D567B520}.Debug|x64.ActiveCfg = Debug|Any CPU
		{44528A1A-E8B6-427A-A64F-6F81D567B520}.Debug|x64.Build.0 = Debug|Any CPU
		{44528A1A-E8B6-427A-A64F-6F81D567B520}.Debug|x86.ActiveCfg = Debug|Any CPU
		{44528A1A-E8B6-427A-A64F-6F81D567B520}.Debug|x86.Build.0 = Debug|Any CPU
		{44528A1A-E8B6-427A-A64F-6F81D567B520}.Release|Any CPU.ActiveCfg = Release|Any CPU
		{44528A1A-E8B6-427A-A64F-6F81D567B520}.Release|Any CPU.Build.0 = Release|Any CPU
		{44528A1A-E8B6-427A-A64F-6F81D567B520}.Release|x64.ActiveCfg = Release|Any CPU
		{44528A1A-E8B6-427A-A64F-6F81D567B520}.Release|x64.Build.0 = Release|Any CPU
		{44528A1A-E8B6-427A-A64F-6F81D567B520}.Release|x86.ActiveCfg = Release|Any CPU
		{44528A1A-E8B6-427A-A64F-6F81D567B520}.Release|x86.Build.0 = Release|Any CPU
		{5C153F16-57D4-42EE-9F7D-585329324C12}.Debug|Any CPU.ActiveCfg = Debug|Any CPU
		{5C153F16-57D4-42EE-9F7D-585329324C12}.Debug|Any CPU.Build.0 = Debug|Any CPU
		{5C153F16-57D4-42EE-9F7D-585329324C12}.Debug|x64.ActiveCfg = Debug|Any CPU
		{5C153F16-57D4-42EE-9F7D-585329324C12}.Debug|x64.Build.0 = Debug|Any CPU
		{5C153F16-57D4-42EE-9F7D-585329324C12}.Debug|x86.ActiveCfg = Debug|Any CPU
		{5C153F16-57D4-42EE-9F7D-585329324C12}.Debug|x86.Build.0 = Debug|Any CPU
		{5C153F16-57D4-42EE-9F7D-585329324C12}.Release|Any CPU.ActiveCfg = Release|Any CPU
		{5C153F16-57D4-42EE-9F7D-585329324C12}.Release|Any CPU.Build.0 = Release|Any CPU
		{5C153F16-57D4-42EE-9F7D-585329324C12}.Release|x64.ActiveCfg = Release|Any CPU
		{5C153F16-57D4-42EE-9F7D-585329324C12}.Release|x64.Build.0 = Release|Any CPU
		{5C153F16-57D4-42EE-9F7D-585329324C12}.Release|x86.ActiveCfg = Release|Any CPU
		{5C153F16-57D4-42EE-9F7D-585329324C12}.Release|x86.Build.0 = Release|Any CPU
	EndGlobalSection
EndGlobal
