
Microsoft Visual Studio Solution File, Format Version 12.00
# Visual Studio Version 16
VisualStudioVersion = 16.0.30907.101
MinimumVisualStudioVersion = 15.0.26124.0
Project("{9A19103F-16F7-4668-BE54-9A1E7A4F7556}") = "sympliapi.Tests", "sympliapi.Tests\sympliapi.Tests.csproj", "{44528A1A-E8B6-427A-A64F-6F81D567B520}"
EndProject
Project("{9A19103F-16F7-4668-BE54-9A1E7A4F7556}") = "sympliapi", "sympliapi\sympliapi.csproj", "{5C153F16-57D4-42EE-9F7D-585329324C12}"
EndProject
Project("{2150E333-8FDC-42A3-9474-1A3956D46DE8}") = "Solution Items", "Solution Items", "{97CA2170-F700-49AF-BA44-9791EFE14A2B}"
	ProjectSection(SolutionItems) = preProject
		README.md = README.md
	EndProjectSection
EndProject
Global
	GlobalSection(SolutionConfigurationPlatforms) = preSolution
		Debug|Any CPU = Debug|Any CPU
		Debug|x64 = Debug|x64
		Debug|x86 = Debug|x86
		Release|Any CPU = Release|Any CPU
		Release|x64 = Release|x64
		Release|x86 = Release|x86
	EndGlobalSection
	GlobalSection(ProjectConfigurationPlatforms) = postSolution
		{44528A1A-E8B6-427A-A64F-6F81D567B520}.Debug|Any CPU.ActiveCfg = Debug|Any CPU
		{44528A1A-E8B6-427A-A64F-6F81D567B520}.Debug|Any CPU.Build.0 = Debug|Any CPU
		{44528A1A-E8B6-427A-A64F-6F81D567B520}.Debug|x64.ActiveCfg = Debug|Any CPU
		{44528A1A-E8B6-427A-A64F-6F81D567B520}.Debug|x64.Build.0 = Debug|Any CPU
		{44528A1A-E8B6-427A-A64F-6F81D567B520}.Debug|x86.ActiveCfg = Debug|Any CPU
		{44528A1A-E8B6-427A-A64F-6F81D567B520}.Debug|x86.Build.0 = Debug|Any CPU
		{44528A1A-E8B6-427A-A64F-6F81D567B520}.Release|Any CPU.ActiveCfg = Release|Any CPU
		{44528A1A-E8B6-427A-A64F-6F81D567B520}.Release|Any CPU.Build.0 = Release|Any CPU
		{44528A1A-E8B6-427A-A64F-6F81D567B520}.Release|x64.ActiveCfg = Release|Any CPU
		{44528A1A-E8B6-427A-A64F-6F81D567B520}.Release|x64.Build.0 = Release|Any CPU
		{44528A1A-E8B6-427A-A64F-6F81D567B520}.Release|x86.ActiveCfg = Release|Any CPU
		{44528A1A-E8B6-427A-A64F-6F81D567B520}.Release|x86.Build.0 = Release|Any CPU
		{5C153F16-57D4-42EE-9F7D-585329324C12}.Debug|Any CPU.ActiveCfg = Debug|Any CPU
		{5C153F16-57D4-42EE-9F7D-585329324C12}.Debug|Any CPU.Build.0 = Debug|Any CPU
		{5C153F16-57D4-42EE-9F7D-585329324C12}.Debug|x64.ActiveCfg = Debug|Any CPU
		{5C153F16-57D4-42EE-9F7D-585329324C12}.Debug|x64.Build.0 = Debug|Any CPU
		{5C153F16-57D4-42EE-9F7D-585329324C12}.Debug|x86.ActiveCfg = Debug|Any CPU
		{5C153F16-57D4-42EE-9F7D-585329324C12}.Debug|x86.Build.0 = Debug|Any CPU
		{5C153F16-57D4-42EE-9F7D-585329324C12}.Release|Any CPU.ActiveCfg = Release|Any CPU
		{5C153F16-57D4-42EE-9F7D-585329324C12}.Release|Any CPU.Build.0 = Release|Any CPU
		{5C153F16-57D4-42EE-9F7D-585329324C12}.Release|x64.ActiveCfg = Release|Any CPU
		{5C153F16-57D4-42EE-9F7D-585329324C12}.Release|x64.Build.0 = Release|Any CPU
		{5C153F16-57D4-42EE-9F7D-585329324C12}.Release|x86.ActiveCfg = Release|Any CPU
		{5C153F16-57D4-42EE-9F7D-585329324C12}.Release|x86.Build.0 = Release|Any CPU
	EndGlobalSection
	GlobalSection(SolutionProperties) = preSolution
		HideSolutionNode = FALSE
	EndGlobalSection
	GlobalSection(ExtensibilityGlobals) = postSolution
		SolutionGuid = {561F172F-12B0-48BC-A311-A546752E3005}
	EndGlobalSection
EndGlobal
